// !$*UTF8*$!
{
	archiveVersion = 1;
	classes = {
	};
	objectVersion = 46;
	objects = {

/* Begin PBXBuildFile section */
		D41B41341826926D009D8652 /* black.png in Resources */ = {isa = PBXBuildFile; fileRef = D41B41331826926D009D8652 /* black.png */; };
		D42F48381825F79700F7ED1F /* samples in Resources */ = {isa = PBXBuildFile; fileRef = D42F48361825F79700F7ED1F /* samples */; };
		D432751F1825C66500A43CE7 /* OGVDecoder.m in Sources */ = {isa = PBXBuildFile; fileRef = D432751E1825C66500A43CE7 /* OGVDecoder.m */; };
		D43275201825C66500A43CE7 /* OGVDecoder.m in Sources */ = {isa = PBXBuildFile; fileRef = D432751E1825C66500A43CE7 /* OGVDecoder.m */; };
		D432752A1825DD9800A43CE7 /* OGVDecoderTests.m in Sources */ = {isa = PBXBuildFile; fileRef = D43275291825DD9800A43CE7 /* OGVDecoderTests.m */; };
		D4497D131831777C00B455DF /* OGVCommonsMediaList.m in Sources */ = {isa = PBXBuildFile; fileRef = D4497D121831777C00B455DF /* OGVCommonsMediaList.m */; };
		D4874831183074060073FC36 /* motd.json in Resources */ = {isa = PBXBuildFile; fileRef = D4874830183074060073FC36 /* motd.json */; };
		D487483418307AED0073FC36 /* OGVCommonsMediaFile.m in Sources */ = {isa = PBXBuildFile; fileRef = D487483318307AED0073FC36 /* OGVCommonsMediaFile.m */; };
		D487483518307AED0073FC36 /* OGVCommonsMediaFile.m in Sources */ = {isa = PBXBuildFile; fileRef = D487483318307AED0073FC36 /* OGVCommonsMediaFile.m */; };
		D4A25B79182E5D81009902D2 /* theorafish-64.png in Resources */ = {isa = PBXBuildFile; fileRef = D4A25B74182E5D81009902D2 /* theorafish-64.png */; };
		D4A25B7A182E5D81009902D2 /* theorafish-76.png in Resources */ = {isa = PBXBuildFile; fileRef = D4A25B75182E5D81009902D2 /* theorafish-76.png */; };
		D4A25B7B182E5D81009902D2 /* theorafish-120.png in Resources */ = {isa = PBXBuildFile; fileRef = D4A25B76182E5D81009902D2 /* theorafish-120.png */; };
		D4A25B7C182E5D81009902D2 /* theorafish-152.png in Resources */ = {isa = PBXBuildFile; fileRef = D4A25B77182E5D81009902D2 /* theorafish-152.png */; };
		D4A25B7D182E5D81009902D2 /* theorafish-320.png in Resources */ = {isa = PBXBuildFile; fileRef = D4A25B78182E5D81009902D2 /* theorafish-320.png */; };
		D4A83418182A6EB80009A945 /* OGVFrameView.m in Sources */ = {isa = PBXBuildFile; fileRef = D4A83417182A6EB80009A945 /* OGVFrameView.m */; };
		D4B2501A183012F8007E8EA6 /* OGVNavigationController.m in Sources */ = {isa = PBXBuildFile; fileRef = D4B25019183012F8007E8EA6 /* OGVNavigationController.m */; };
		D4B2501D1830140D007E8EA6 /* OGVTableViewController.m in Sources */ = {isa = PBXBuildFile; fileRef = D4B2501C1830140D007E8EA6 /* OGVTableViewController.m */; };
		D4DEC5A91829C104009234F9 /* OGVFrameBuffer.m in Sources */ = {isa = PBXBuildFile; fileRef = D4DEC5A81829C104009234F9 /* OGVFrameBuffer.m */; };
		D4DEC5AA1829C104009234F9 /* OGVFrameBuffer.m in Sources */ = {isa = PBXBuildFile; fileRef = D4DEC5A81829C104009234F9 /* OGVFrameBuffer.m */; };
		D4DEC5AD1829C294009234F9 /* OGVAudioBuffer.m in Sources */ = {isa = PBXBuildFile; fileRef = D4DEC5AC1829C294009234F9 /* OGVAudioBuffer.m */; };
		D4DEC5AE1829C294009234F9 /* OGVAudioBuffer.m in Sources */ = {isa = PBXBuildFile; fileRef = D4DEC5AC1829C294009234F9 /* OGVAudioBuffer.m */; };
		D4EB246C1825A81E008B9160 /* Foundation.framework in Frameworks */ = {isa = PBXBuildFile; fileRef = D4EB246B1825A81E008B9160 /* Foundation.framework */; };
		D4EB246E1825A81E008B9160 /* CoreGraphics.framework in Frameworks */ = {isa = PBXBuildFile; fileRef = D4EB246D1825A81E008B9160 /* CoreGraphics.framework */; };
		D4EB24701825A81E008B9160 /* UIKit.framework in Frameworks */ = {isa = PBXBuildFile; fileRef = D4EB246F1825A81E008B9160 /* UIKit.framework */; };
		D4EB24761825A81E008B9160 /* InfoPlist.strings in Resources */ = {isa = PBXBuildFile; fileRef = D4EB24741825A81E008B9160 /* InfoPlist.strings */; };
		D4EB24781825A81E008B9160 /* main.m in Sources */ = {isa = PBXBuildFile; fileRef = D4EB24771825A81E008B9160 /* main.m */; };
		D4EB247C1825A81E008B9160 /* OGVAppDelegate.m in Sources */ = {isa = PBXBuildFile; fileRef = D4EB247B1825A81E008B9160 /* OGVAppDelegate.m */; };
		D4EB247F1825A81E008B9160 /* Main_iPhone.storyboard in Resources */ = {isa = PBXBuildFile; fileRef = D4EB247D1825A81E008B9160 /* Main_iPhone.storyboard */; };
		D4EB24851825A81E008B9160 /* OGVViewController.m in Sources */ = {isa = PBXBuildFile; fileRef = D4EB24841825A81E008B9160 /* OGVViewController.m */; };
		D4EB24871825A81E008B9160 /* Images.xcassets in Resources */ = {isa = PBXBuildFile; fileRef = D4EB24861825A81E008B9160 /* Images.xcassets */; };
		D4EB248E1825A81E008B9160 /* XCTest.framework in Frameworks */ = {isa = PBXBuildFile; fileRef = D4EB248D1825A81E008B9160 /* XCTest.framework */; };
		D4EB248F1825A81E008B9160 /* Foundation.framework in Frameworks */ = {isa = PBXBuildFile; fileRef = D4EB246B1825A81E008B9160 /* Foundation.framework */; };
		D4EB24901825A81E008B9160 /* UIKit.framework in Frameworks */ = {isa = PBXBuildFile; fileRef = D4EB246F1825A81E008B9160 /* UIKit.framework */; };
		D4EB24981825A81E008B9160 /* InfoPlist.strings in Resources */ = {isa = PBXBuildFile; fileRef = D4EB24961825A81E008B9160 /* InfoPlist.strings */; };
		D4EB249A1825A81E008B9160 /* OGVLibraryTests.m in Sources */ = {isa = PBXBuildFile; fileRef = D4EB24991825A81E008B9160 /* OGVLibraryTests.m */; };
		D4EB24A61825A872008B9160 /* ogg.framework in Frameworks */ = {isa = PBXBuildFile; fileRef = D4EB24A31825A872008B9160 /* ogg.framework */; };
		D4EB24A71825A872008B9160 /* theora.framework in Frameworks */ = {isa = PBXBuildFile; fileRef = D4EB24A41825A872008B9160 /* theora.framework */; };
		D4EB24A81825A872008B9160 /* vorbis.framework in Frameworks */ = {isa = PBXBuildFile; fileRef = D4EB24A51825A872008B9160 /* vorbis.framework */; };
		D4EB24A91825A926008B9160 /* vorbis.framework in Frameworks */ = {isa = PBXBuildFile; fileRef = D4EB24A51825A872008B9160 /* vorbis.framework */; };
		D4EB24AA1825A929008B9160 /* theora.framework in Frameworks */ = {isa = PBXBuildFile; fileRef = D4EB24A41825A872008B9160 /* theora.framework */; };
		D4EB24AB1825A92E008B9160 /* ogg.framework in Frameworks */ = {isa = PBXBuildFile; fileRef = D4EB24A31825A872008B9160 /* ogg.framework */; };
/* End PBXBuildFile section */

/* Begin PBXContainerItemProxy section */
		D4EB24911825A81E008B9160 /* PBXContainerItemProxy */ = {
			isa = PBXContainerItemProxy;
			containerPortal = D4EB24601825A81E008B9160 /* Project object */;
			proxyType = 1;
			remoteGlobalIDString = D4EB24671825A81E008B9160;
			remoteInfo = OgvDemo;
		};
/* End PBXContainerItemProxy section */

/* Begin PBXFileReference section */
		D41B41331826926D009D8652 /* black.png */ = {isa = PBXFileReference; lastKnownFileType = image.png; path = black.png; sourceTree = "<group>"; };
		D42F48361825F79700F7ED1F /* samples */ = {isa = PBXFileReference; lastKnownFileType = folder; path = samples; sourceTree = SOURCE_ROOT; };
		D432751D1825C66400A43CE7 /* OGVDecoder.h */ = {isa = PBXFileReference; fileEncoding = 4; lastKnownFileType = sourcecode.c.h; path = OGVDecoder.h; sourceTree = "<group>"; };
		D432751E1825C66500A43CE7 /* OGVDecoder.m */ = {isa = PBXFileReference; fileEncoding = 4; lastKnownFileType = sourcecode.c.objc; path = OGVDecoder.m; sourceTree = "<group>"; };
		D43275291825DD9800A43CE7 /* OGVDecoderTests.m */ = {isa = PBXFileReference; fileEncoding = 4; lastKnownFileType = sourcecode.c.objc; path = OGVDecoderTests.m; sourceTree = "<group>"; };
		D4497D111831777C00B455DF /* OGVCommonsMediaList.h */ = {isa = PBXFileReference; fileEncoding = 4; lastKnownFileType = sourcecode.c.h; path = OGVCommonsMediaList.h; sourceTree = "<group>"; };
		D4497D121831777C00B455DF /* OGVCommonsMediaList.m */ = {isa = PBXFileReference; fileEncoding = 4; lastKnownFileType = sourcecode.c.objc; path = OGVCommonsMediaList.m; sourceTree = "<group>"; };
		D4874830183074060073FC36 /* motd.json */ = {isa = PBXFileReference; fileEncoding = 4; lastKnownFileType = text.json; path = motd.json; sourceTree = "<group>"; };
		D487483218307AED0073FC36 /* OGVCommonsMediaFile.h */ = {isa = PBXFileReference; fileEncoding = 4; lastKnownFileType = sourcecode.c.h; path = OGVCommonsMediaFile.h; sourceTree = "<group>"; };
		D487483318307AED0073FC36 /* OGVCommonsMediaFile.m */ = {isa = PBXFileReference; fileEncoding = 4; lastKnownFileType = sourcecode.c.objc; path = OGVCommonsMediaFile.m; sourceTree = "<group>"; };
		D4A25B74182E5D81009902D2 /* theorafish-64.png */ = {isa = PBXFileReference; lastKnownFileType = image.png; name = "theorafish-64.png"; path = "logo/theorafish-64.png"; sourceTree = SOURCE_ROOT; };
		D4A25B75182E5D81009902D2 /* theorafish-76.png */ = {isa = PBXFileReference; lastKnownFileType = image.png; name = "theorafish-76.png"; path = "logo/theorafish-76.png"; sourceTree = SOURCE_ROOT; };
		D4A25B76182E5D81009902D2 /* theorafish-120.png */ = {isa = PBXFileReference; lastKnownFileType = image.png; name = "theorafish-120.png"; path = "logo/theorafish-120.png"; sourceTree = SOURCE_ROOT; };
		D4A25B77182E5D81009902D2 /* theorafish-152.png */ = {isa = PBXFileReference; lastKnownFileType = image.png; name = "theorafish-152.png"; path = "logo/theorafish-152.png"; sourceTree = SOURCE_ROOT; };
		D4A25B78182E5D81009902D2 /* theorafish-320.png */ = {isa = PBXFileReference; lastKnownFileType = image.png; name = "theorafish-320.png"; path = "logo/theorafish-320.png"; sourceTree = SOURCE_ROOT; };
		D4A83416182A6EB80009A945 /* OGVFrameView.h */ = {isa = PBXFileReference; fileEncoding = 4; lastKnownFileType = sourcecode.c.h; path = OGVFrameView.h; sourceTree = "<group>"; };
		D4A83417182A6EB80009A945 /* OGVFrameView.m */ = {isa = PBXFileReference; fileEncoding = 4; lastKnownFileType = sourcecode.c.objc; path = OGVFrameView.m; sourceTree = "<group>"; };
		D4B25018183012F8007E8EA6 /* OGVNavigationController.h */ = {isa = PBXFileReference; fileEncoding = 4; lastKnownFileType = sourcecode.c.h; path = OGVNavigationController.h; sourceTree = "<group>"; };
		D4B25019183012F8007E8EA6 /* OGVNavigationController.m */ = {isa = PBXFileReference; fileEncoding = 4; lastKnownFileType = sourcecode.c.objc; path = OGVNavigationController.m; sourceTree = "<group>"; };
		D4B2501B1830140D007E8EA6 /* OGVTableViewController.h */ = {isa = PBXFileReference; fileEncoding = 4; lastKnownFileType = sourcecode.c.h; path = OGVTableViewController.h; sourceTree = "<group>"; };
		D4B2501C1830140D007E8EA6 /* OGVTableViewController.m */ = {isa = PBXFileReference; fileEncoding = 4; lastKnownFileType = sourcecode.c.objc; path = OGVTableViewController.m; sourceTree = "<group>"; };
		D4DEC5A71829C104009234F9 /* OGVFrameBuffer.h */ = {isa = PBXFileReference; fileEncoding = 4; lastKnownFileType = sourcecode.c.h; path = OGVFrameBuffer.h; sourceTree = "<group>"; };
		D4DEC5A81829C104009234F9 /* OGVFrameBuffer.m */ = {isa = PBXFileReference; fileEncoding = 4; lastKnownFileType = sourcecode.c.objc; path = OGVFrameBuffer.m; sourceTree = "<group>"; };
		D4DEC5AB1829C294009234F9 /* OGVAudioBuffer.h */ = {isa = PBXFileReference; fileEncoding = 4; lastKnownFileType = sourcecode.c.h; path = OGVAudioBuffer.h; sourceTree = "<group>"; };
		D4DEC5AC1829C294009234F9 /* OGVAudioBuffer.m */ = {isa = PBXFileReference; fileEncoding = 4; lastKnownFileType = sourcecode.c.objc; path = OGVAudioBuffer.m; sourceTree = "<group>"; };
		D4EB24681825A81E008B9160 /* OgvDemo.app */ = {isa = PBXFileReference; explicitFileType = wrapper.application; includeInIndex = 0; path = OgvDemo.app; sourceTree = BUILT_PRODUCTS_DIR; };
		D4EB246B1825A81E008B9160 /* Foundation.framework */ = {isa = PBXFileReference; lastKnownFileType = wrapper.framework; name = Foundation.framework; path = System/Library/Frameworks/Foundation.framework; sourceTree = SDKROOT; };
		D4EB246D1825A81E008B9160 /* CoreGraphics.framework */ = {isa = PBXFileReference; lastKnownFileType = wrapper.framework; name = CoreGraphics.framework; path = System/Library/Frameworks/CoreGraphics.framework; sourceTree = SDKROOT; };
		D4EB246F1825A81E008B9160 /* UIKit.framework */ = {isa = PBXFileReference; lastKnownFileType = wrapper.framework; name = UIKit.framework; path = System/Library/Frameworks/UIKit.framework; sourceTree = SDKROOT; };
		D4EB24731825A81E008B9160 /* OgvDemo-Info.plist */ = {isa = PBXFileReference; lastKnownFileType = text.plist.xml; path = "OgvDemo-Info.plist"; sourceTree = "<group>"; };
		D4EB24751825A81E008B9160 /* en */ = {isa = PBXFileReference; lastKnownFileType = text.plist.strings; name = en; path = en.lproj/InfoPlist.strings; sourceTree = "<group>"; };
		D4EB24771825A81E008B9160 /* main.m */ = {isa = PBXFileReference; lastKnownFileType = sourcecode.c.objc; path = main.m; sourceTree = "<group>"; };
		D4EB24791825A81E008B9160 /* OgvDemo-Prefix.pch */ = {isa = PBXFileReference; lastKnownFileType = sourcecode.c.h; path = "OgvDemo-Prefix.pch"; sourceTree = "<group>"; };
		D4EB247A1825A81E008B9160 /* OGVAppDelegate.h */ = {isa = PBXFileReference; lastKnownFileType = sourcecode.c.h; path = OGVAppDelegate.h; sourceTree = "<group>"; };
		D4EB247B1825A81E008B9160 /* OGVAppDelegate.m */ = {isa = PBXFileReference; lastKnownFileType = sourcecode.c.objc; path = OGVAppDelegate.m; sourceTree = "<group>"; };
		D4EB247E1825A81E008B9160 /* Base */ = {isa = PBXFileReference; lastKnownFileType = file.storyboard; name = Base; path = Base.lproj/Main_iPhone.storyboard; sourceTree = "<group>"; };
		D4EB24831825A81E008B9160 /* OGVViewController.h */ = {isa = PBXFileReference; lastKnownFileType = sourcecode.c.h; path = OGVViewController.h; sourceTree = "<group>"; };
		D4EB24841825A81E008B9160 /* OGVViewController.m */ = {isa = PBXFileReference; lastKnownFileType = sourcecode.c.objc; path = OGVViewController.m; sourceTree = "<group>"; };
		D4EB24861825A81E008B9160 /* Images.xcassets */ = {isa = PBXFileReference; lastKnownFileType = folder.assetcatalog; path = Images.xcassets; sourceTree = "<group>"; };
		D4EB248C1825A81E008B9160 /* OgvDemoTests.xctest */ = {isa = PBXFileReference; explicitFileType = wrapper.cfbundle; includeInIndex = 0; path = OgvDemoTests.xctest; sourceTree = BUILT_PRODUCTS_DIR; };
		D4EB248D1825A81E008B9160 /* XCTest.framework */ = {isa = PBXFileReference; lastKnownFileType = wrapper.framework; name = XCTest.framework; path = Library/Frameworks/XCTest.framework; sourceTree = DEVELOPER_DIR; };
		D4EB24951825A81E008B9160 /* OgvDemoTests-Info.plist */ = {isa = PBXFileReference; lastKnownFileType = text.plist.xml; path = "OgvDemoTests-Info.plist"; sourceTree = "<group>"; };
		D4EB24971825A81E008B9160 /* en */ = {isa = PBXFileReference; lastKnownFileType = text.plist.strings; name = en; path = en.lproj/InfoPlist.strings; sourceTree = "<group>"; };
		D4EB24991825A81E008B9160 /* OGVLibraryTests.m */ = {isa = PBXFileReference; lastKnownFileType = sourcecode.c.objc; path = OGVLibraryTests.m; sourceTree = "<group>"; };
		D4EB24A31825A872008B9160 /* ogg.framework */ = {isa = PBXFileReference; lastKnownFileType = wrapper.framework; name = ogg.framework; path = ../build/ogg.framework; sourceTree = "<group>"; };
		D4EB24A41825A872008B9160 /* theora.framework */ = {isa = PBXFileReference; lastKnownFileType = wrapper.framework; name = theora.framework; path = ../build/theora.framework; sourceTree = "<group>"; };
		D4EB24A51825A872008B9160 /* vorbis.framework */ = {isa = PBXFileReference; lastKnownFileType = wrapper.framework; name = vorbis.framework; path = ../build/vorbis.framework; sourceTree = "<group>"; };
/* End PBXFileReference section */

/* Begin PBXFrameworksBuildPhase section */
		D4EB24651825A81E008B9160 /* Frameworks */ = {
			isa = PBXFrameworksBuildPhase;
			buildActionMask = 2147483647;
			files = (
				D4EB24A61825A872008B9160 /* ogg.framework in Frameworks */,
				D4EB24A71825A872008B9160 /* theora.framework in Frameworks */,
				D4EB24A81825A872008B9160 /* vorbis.framework in Frameworks */,
				D4EB246E1825A81E008B9160 /* CoreGraphics.framework in Frameworks */,
				D4EB24701825A81E008B9160 /* UIKit.framework in Frameworks */,
				D4EB246C1825A81E008B9160 /* Foundation.framework in Frameworks */,
			);
			runOnlyForDeploymentPostprocessing = 0;
		};
		D4EB24891825A81E008B9160 /* Frameworks */ = {
			isa = PBXFrameworksBuildPhase;
			buildActionMask = 2147483647;
			files = (
				D4EB24AB1825A92E008B9160 /* ogg.framework in Frameworks */,
				D4EB248E1825A81E008B9160 /* XCTest.framework in Frameworks */,
				D4EB24A91825A926008B9160 /* vorbis.framework in Frameworks */,
				D4EB24901825A81E008B9160 /* UIKit.framework in Frameworks */,
				D4EB24AA1825A929008B9160 /* theora.framework in Frameworks */,
				D4EB248F1825A81E008B9160 /* Foundation.framework in Frameworks */,
			);
			runOnlyForDeploymentPostprocessing = 0;
		};
/* End PBXFrameworksBuildPhase section */

/* Begin PBXGroup section */
		D4497D0D1831739400B455DF /* Decoder */ = {
			isa = PBXGroup;
			children = (
				D432751D1825C66400A43CE7 /* OGVDecoder.h */,
				D432751E1825C66500A43CE7 /* OGVDecoder.m */,
				D4DEC5A71829C104009234F9 /* OGVFrameBuffer.h */,
				D4DEC5A81829C104009234F9 /* OGVFrameBuffer.m */,
				D4DEC5AB1829C294009234F9 /* OGVAudioBuffer.h */,
				D4DEC5AC1829C294009234F9 /* OGVAudioBuffer.m */,
			);
			name = Decoder;
			sourceTree = "<group>";
		};
		D4497D0E183173B200B455DF /* Player */ = {
			isa = PBXGroup;
			children = (
				D4EB24831825A81E008B9160 /* OGVViewController.h */,
				D4EB24841825A81E008B9160 /* OGVViewController.m */,
				D4A83416182A6EB80009A945 /* OGVFrameView.h */,
				D4A83417182A6EB80009A945 /* OGVFrameView.m */,
			);
			name = Player;
			sourceTree = "<group>";
		};
		D4497D0F183173DB00B455DF /* Framing app */ = {
			isa = PBXGroup;
			children = (
				D4EB247D1825A81E008B9160 /* Main_iPhone.storyboard */,
				D4EB247A1825A81E008B9160 /* OGVAppDelegate.h */,
				D4EB247B1825A81E008B9160 /* OGVAppDelegate.m */,
				D4B25018183012F8007E8EA6 /* OGVNavigationController.h */,
				D4B25019183012F8007E8EA6 /* OGVNavigationController.m */,
				D4B2501B1830140D007E8EA6 /* OGVTableViewController.h */,
				D4B2501C1830140D007E8EA6 /* OGVTableViewController.m */,
				D4874830183074060073FC36 /* motd.json */,
				D487483218307AED0073FC36 /* OGVCommonsMediaFile.h */,
				D487483318307AED0073FC36 /* OGVCommonsMediaFile.m */,
				D4497D111831777C00B455DF /* OGVCommonsMediaList.h */,
				D4497D121831777C00B455DF /* OGVCommonsMediaList.m */,
			);
			name = "Framing app";
			sourceTree = "<group>";
		};
		D4497D101831740400B455DF /* Icons */ = {
			isa = PBXGroup;
			children = (
				D4EB24861825A81E008B9160 /* Images.xcassets */,
				D4A25B74182E5D81009902D2 /* theorafish-64.png */,
				D4A25B75182E5D81009902D2 /* theorafish-76.png */,
				D4A25B76182E5D81009902D2 /* theorafish-120.png */,
				D4A25B77182E5D81009902D2 /* theorafish-152.png */,
				D4A25B78182E5D81009902D2 /* theorafish-320.png */,
				D41B41331826926D009D8652 /* black.png */,
			);
			name = Icons;
			sourceTree = "<group>";
		};
		D4EB245F1825A81E008B9160 = {
			isa = PBXGroup;
			children = (
				D4EB24711825A81E008B9160 /* OgvDemo */,
				D4EB24931825A81E008B9160 /* OgvDemoTests */,
				D4EB246A1825A81E008B9160 /* Frameworks */,
				D4EB24691825A81E008B9160 /* Products */,
			);
			sourceTree = "<group>";
		};
		D4EB24691825A81E008B9160 /* Products */ = {
			isa = PBXGroup;
			children = (
				D4EB24681825A81E008B9160 /* OgvDemo.app */,
				D4EB248C1825A81E008B9160 /* OgvDemoTests.xctest */,
			);
			name = Products;
			sourceTree = "<group>";
		};
		D4EB246A1825A81E008B9160 /* Frameworks */ = {
			isa = PBXGroup;
			children = (
				D4EB24A31825A872008B9160 /* ogg.framework */,
				D4EB24A41825A872008B9160 /* theora.framework */,
				D4EB24A51825A872008B9160 /* vorbis.framework */,
				D4EB246B1825A81E008B9160 /* Foundation.framework */,
				D4EB246D1825A81E008B9160 /* CoreGraphics.framework */,
				D4EB246F1825A81E008B9160 /* UIKit.framework */,
				D4EB248D1825A81E008B9160 /* XCTest.framework */,
			);
			name = Frameworks;
			sourceTree = "<group>";
		};
		D4EB24711825A81E008B9160 /* OgvDemo */ = {
			isa = PBXGroup;
			children = (
				D4497D0F183173DB00B455DF /* Framing app */,
				D4497D0D1831739400B455DF /* Decoder */,
				D4497D0E183173B200B455DF /* Player */,
				D4497D101831740400B455DF /* Icons */,
				D4EB24721825A81E008B9160 /* Supporting Files */,
			);
			path = OgvDemo;
			sourceTree = "<group>";
		};
		D4EB24721825A81E008B9160 /* Supporting Files */ = {
			isa = PBXGroup;
			children = (
				D4EB24731825A81E008B9160 /* OgvDemo-Info.plist */,
				D4EB24741825A81E008B9160 /* InfoPlist.strings */,
				D4EB24771825A81E008B9160 /* main.m */,
				D4EB24791825A81E008B9160 /* OgvDemo-Prefix.pch */,
			);
			name = "Supporting Files";
			sourceTree = "<group>";
		};
		D4EB24931825A81E008B9160 /* OgvDemoTests */ = {
			isa = PBXGroup;
			children = (
				D4EB24991825A81E008B9160 /* OGVLibraryTests.m */,
				D43275291825DD9800A43CE7 /* OGVDecoderTests.m */,
				D42F48361825F79700F7ED1F /* samples */,
				D4EB24941825A81E008B9160 /* Supporting Files */,
			);
			path = OgvDemoTests;
			sourceTree = "<group>";
		};
		D4EB24941825A81E008B9160 /* Supporting Files */ = {
			isa = PBXGroup;
			children = (
				D4EB24951825A81E008B9160 /* OgvDemoTests-Info.plist */,
				D4EB24961825A81E008B9160 /* InfoPlist.strings */,
			);
			name = "Supporting Files";
			sourceTree = "<group>";
		};
/* End PBXGroup section */

/* Begin PBXNativeTarget section */
		D4EB24671825A81E008B9160 /* OgvDemo */ = {
			isa = PBXNativeTarget;
			buildConfigurationList = D4EB249D1825A81E008B9160 /* Build configuration list for PBXNativeTarget "OgvDemo" */;
			buildPhases = (
				D4EB24641825A81E008B9160 /* Sources */,
				D4EB24651825A81E008B9160 /* Frameworks */,
				D4EB24661825A81E008B9160 /* Resources */,
			);
			buildRules = (
			);
			dependencies = (
			);
			name = OgvDemo;
			productName = OgvDemo;
			productReference = D4EB24681825A81E008B9160 /* OgvDemo.app */;
			productType = "com.apple.product-type.application";
		};
		D4EB248B1825A81E008B9160 /* OgvDemoTests */ = {
			isa = PBXNativeTarget;
			buildConfigurationList = D4EB24A01825A81E008B9160 /* Build configuration list for PBXNativeTarget "OgvDemoTests" */;
			buildPhases = (
				D4EB24881825A81E008B9160 /* Sources */,
				D4EB24891825A81E008B9160 /* Frameworks */,
				D4EB248A1825A81E008B9160 /* Resources */,
			);
			buildRules = (
			);
			dependencies = (
				D4EB24921825A81E008B9160 /* PBXTargetDependency */,
			);
			name = OgvDemoTests;
			productName = OgvDemoTests;
			productReference = D4EB248C1825A81E008B9160 /* OgvDemoTests.xctest */;
			productType = "com.apple.product-type.bundle.unit-test";
		};
/* End PBXNativeTarget section */

/* Begin PBXProject section */
		D4EB24601825A81E008B9160 /* Project object */ = {
			isa = PBXProject;
			attributes = {
				CLASSPREFIX = OGV;
				LastUpgradeCheck = 0500;
				ORGANIZATIONNAME = "Brion Vibber";
				TargetAttributes = {
					D4EB248B1825A81E008B9160 = {
						TestTargetID = D4EB24671825A81E008B9160;
					};
				};
			};
			buildConfigurationList = D4EB24631825A81E008B9160 /* Build configuration list for PBXProject "OgvDemo" */;
			compatibilityVersion = "Xcode 3.2";
			developmentRegion = English;
			hasScannedForEncodings = 0;
			knownRegions = (
				en,
				Base,
			);
			mainGroup = D4EB245F1825A81E008B9160;
			productRefGroup = D4EB24691825A81E008B9160 /* Products */;
			projectDirPath = "";
			projectRoot = "";
			targets = (
				D4EB24671825A81E008B9160 /* OgvDemo */,
				D4EB248B1825A81E008B9160 /* OgvDemoTests */,
			);
		};
/* End PBXProject section */

/* Begin PBXResourcesBuildPhase section */
		D4EB24661825A81E008B9160 /* Resources */ = {
			isa = PBXResourcesBuildPhase;
			buildActionMask = 2147483647;
			files = (
				D4EB24871825A81E008B9160 /* Images.xcassets in Resources */,
				D4A25B7B182E5D81009902D2 /* theorafish-120.png in Resources */,
				D4A25B7A182E5D81009902D2 /* theorafish-76.png in Resources */,
				D4A25B7D182E5D81009902D2 /* theorafish-320.png in Resources */,
				D4A25B79182E5D81009902D2 /* theorafish-64.png in Resources */,
				D4EB247F1825A81E008B9160 /* Main_iPhone.storyboard in Resources */,
				D4EB24761825A81E008B9160 /* InfoPlist.strings in Resources */,
				D41B41341826926D009D8652 /* black.png in Resources */,
				D4A25B7C182E5D81009902D2 /* theorafish-152.png in Resources */,
				D4874831183074060073FC36 /* motd.json in Resources */,
			);
			runOnlyForDeploymentPostprocessing = 0;
		};
		D4EB248A1825A81E008B9160 /* Resources */ = {
			isa = PBXResourcesBuildPhase;
			buildActionMask = 2147483647;
			files = (
				D42F48381825F79700F7ED1F /* samples in Resources */,
				D4EB24981825A81E008B9160 /* InfoPlist.strings in Resources */,
			);
			runOnlyForDeploymentPostprocessing = 0;
		};
/* End PBXResourcesBuildPhase section */

/* Begin PBXSourcesBuildPhase section */
		D4EB24641825A81E008B9160 /* Sources */ = {
			isa = PBXSourcesBuildPhase;
			buildActionMask = 2147483647;
			files = (
				D487483418307AED0073FC36 /* OGVCommonsMediaFile.m in Sources */,
				D4B2501D1830140D007E8EA6 /* OGVTableViewController.m in Sources */,
				D4EB24781825A81E008B9160 /* main.m in Sources */,
				D432751F1825C66500A43CE7 /* OGVDecoder.m in Sources */,
				D4EB247C1825A81E008B9160 /* OGVAppDelegate.m in Sources */,
				D4DEC5AD1829C294009234F9 /* OGVAudioBuffer.m in Sources */,
				D4B2501A183012F8007E8EA6 /* OGVNavigationController.m in Sources */,
				D4A83418182A6EB80009A945 /* OGVFrameView.m in Sources */,
				D4497D131831777C00B455DF /* OGVCommonsMediaList.m in Sources */,
				D4DEC5A91829C104009234F9 /* OGVFrameBuffer.m in Sources */,
				D4EB24851825A81E008B9160 /* OGVViewController.m in Sources */,
			);
			runOnlyForDeploymentPostprocessing = 0;
		};
		D4EB24881825A81E008B9160 /* Sources */ = {
			isa = PBXSourcesBuildPhase;
			buildActionMask = 2147483647;
			files = (
				D4DEC5AA1829C104009234F9 /* OGVFrameBuffer.m in Sources */,
				D4DEC5AE1829C294009234F9 /* OGVAudioBuffer.m in Sources */,
				D432752A1825DD9800A43CE7 /* OGVDecoderTests.m in Sources */,
				D4EB249A1825A81E008B9160 /* OGVLibraryTests.m in Sources */,
				D487483518307AED0073FC36 /* OGVCommonsMediaFile.m in Sources */,
				D43275201825C66500A43CE7 /* OGVDecoder.m in Sources */,
			);
			runOnlyForDeploymentPostprocessing = 0;
		};
/* End PBXSourcesBuildPhase section */

/* Begin PBXTargetDependency section */
		D4EB24921825A81E008B9160 /* PBXTargetDependency */ = {
			isa = PBXTargetDependency;
			target = D4EB24671825A81E008B9160 /* OgvDemo */;
			targetProxy = D4EB24911825A81E008B9160 /* PBXContainerItemProxy */;
		};
/* End PBXTargetDependency section */

/* Begin PBXVariantGroup section */
		D4EB24741825A81E008B9160 /* InfoPlist.strings */ = {
			isa = PBXVariantGroup;
			children = (
				D4EB24751825A81E008B9160 /* en */,
			);
			name = InfoPlist.strings;
			sourceTree = "<group>";
		};
		D4EB247D1825A81E008B9160 /* Main_iPhone.storyboard */ = {
			isa = PBXVariantGroup;
			children = (
				D4EB247E1825A81E008B9160 /* Base */,
			);
			name = Main_iPhone.storyboard;
			sourceTree = "<group>";
		};
		D4EB24961825A81E008B9160 /* InfoPlist.strings */ = {
			isa = PBXVariantGroup;
			children = (
				D4EB24971825A81E008B9160 /* en */,
			);
			name = InfoPlist.strings;
			sourceTree = "<group>";
		};
/* End PBXVariantGroup section */

/* Begin XCBuildConfiguration section */
		D4EB249B1825A81E008B9160 /* Debug */ = {
			isa = XCBuildConfiguration;
			buildSettings = {
				ALWAYS_SEARCH_USER_PATHS = NO;
				ARCHS = "$(ARCHS_STANDARD_INCLUDING_64_BIT)";
				CLANG_CXX_LANGUAGE_STANDARD = "gnu++0x";
				CLANG_CXX_LIBRARY = "libc++";
				CLANG_ENABLE_MODULES = YES;
				CLANG_ENABLE_OBJC_ARC = YES;
				CLANG_WARN_BOOL_CONVERSION = YES;
				CLANG_WARN_CONSTANT_CONVERSION = YES;
				CLANG_WARN_DIRECT_OBJC_ISA_USAGE = YES_ERROR;
				CLANG_WARN_EMPTY_BODY = YES;
				CLANG_WARN_ENUM_CONVERSION = YES;
				CLANG_WARN_INT_CONVERSION = YES;
				CLANG_WARN_OBJC_ROOT_CLASS = YES_ERROR;
				CLANG_WARN__DUPLICATE_METHOD_MATCH = YES;
				"CODE_SIGN_IDENTITY[sdk=iphoneos*]" = "iPhone Developer";
				COPY_PHASE_STRIP = NO;
				GCC_C_LANGUAGE_STANDARD = gnu99;
				GCC_DYNAMIC_NO_PIC = NO;
				GCC_OPTIMIZATION_LEVEL = 0;
				GCC_PREPROCESSOR_DEFINITIONS = (
					"DEBUG=1",
					"$(inherited)",
				);
				GCC_SYMBOLS_PRIVATE_EXTERN = NO;
				GCC_WARN_64_TO_32_BIT_CONVERSION = YES;
				GCC_WARN_ABOUT_RETURN_TYPE = YES_ERROR;
				GCC_WARN_UNDECLARED_SELECTOR = YES;
				GCC_WARN_UNINITIALIZED_AUTOS = YES;
				GCC_WARN_UNUSED_FUNCTION = YES;
				GCC_WARN_UNUSED_VARIABLE = YES;
				IPHONEOS_DEPLOYMENT_TARGET = 7.0;
				ONLY_ACTIVE_ARCH = YES;
				SDKROOT = iphoneos;
				TARGETED_DEVICE_FAMILY = "1,2";
			};
			name = Debug;
		};
		D4EB249C1825A81E008B9160 /* Release */ = {
			isa = XCBuildConfiguration;
			buildSettings = {
				ALWAYS_SEARCH_USER_PATHS = NO;
				ARCHS = "$(ARCHS_STANDARD_INCLUDING_64_BIT)";
				CLANG_CXX_LANGUAGE_STANDARD = "gnu++0x";
				CLANG_CXX_LIBRARY = "libc++";
				CLANG_ENABLE_MODULES = YES;
				CLANG_ENABLE_OBJC_ARC = YES;
				CLANG_WARN_BOOL_CONVERSION = YES;
				CLANG_WARN_CONSTANT_CONVERSION = YES;
				CLANG_WARN_DIRECT_OBJC_ISA_USAGE = YES_ERROR;
				CLANG_WARN_EMPTY_BODY = YES;
				CLANG_WARN_ENUM_CONVERSION = YES;
				CLANG_WARN_INT_CONVERSION = YES;
				CLANG_WARN_OBJC_ROOT_CLASS = YES_ERROR;
				CLANG_WARN__DUPLICATE_METHOD_MATCH = YES;
				"CODE_SIGN_IDENTITY[sdk=iphoneos*]" = "iPhone Developer";
				COPY_PHASE_STRIP = YES;
				ENABLE_NS_ASSERTIONS = NO;
				GCC_C_LANGUAGE_STANDARD = gnu99;
				GCC_WARN_64_TO_32_BIT_CONVERSION = YES;
				GCC_WARN_ABOUT_RETURN_TYPE = YES_ERROR;
				GCC_WARN_UNDECLARED_SELECTOR = YES;
				GCC_WARN_UNINITIALIZED_AUTOS = YES;
				GCC_WARN_UNUSED_FUNCTION = YES;
				GCC_WARN_UNUSED_VARIABLE = YES;
				IPHONEOS_DEPLOYMENT_TARGET = 7.0;
				SDKROOT = iphoneos;
				TARGETED_DEVICE_FAMILY = "1,2";
				VALIDATE_PRODUCT = YES;
			};
			name = Release;
		};
		D4EB249E1825A81E008B9160 /* Debug */ = {
			isa = XCBuildConfiguration;
			buildSettings = {
				ASSETCATALOG_COMPILER_APPICON_NAME = AppIcon;
				ASSETCATALOG_COMPILER_LAUNCHIMAGE_NAME = LaunchImage;
				FRAMEWORK_SEARCH_PATHS = (
					"$(inherited)",
					../build,
				);
				GCC_PRECOMPILE_PREFIX_HEADER = YES;
				GCC_PREFIX_HEADER = "OgvDemo/OgvDemo-Prefix.pch";
				INFOPLIST_FILE = "OgvDemo/OgvDemo-Info.plist";
				IPHONEOS_DEPLOYMENT_TARGET = 6.0;
				LLVM_LTO = YES;
				PRODUCT_NAME = "$(TARGET_NAME)";
				WRAPPER_EXTENSION = app;
			};
			name = Debug;
		};
		D4EB249F1825A81E008B9160 /* Release */ = {
			isa = XCBuildConfiguration;
			buildSettings = {
				ASSETCATALOG_COMPILER_APPICON_NAME = AppIcon;
				ASSETCATALOG_COMPILER_LAUNCHIMAGE_NAME = LaunchImage;
				FRAMEWORK_SEARCH_PATHS = (
					"$(inherited)",
					../build,
				);
				GCC_PRECOMPILE_PREFIX_HEADER = YES;
				GCC_PREFIX_HEADER = "OgvDemo/OgvDemo-Prefix.pch";
				INFOPLIST_FILE = "OgvDemo/OgvDemo-Info.plist";
				IPHONEOS_DEPLOYMENT_TARGET = 6.0;
				LLVM_LTO = YES;
				PRODUCT_NAME = "$(TARGET_NAME)";
				WRAPPER_EXTENSION = app;
			};
			name = Release;
		};
		D4EB24A11825A81E008B9160 /* Debug */ = {
			isa = XCBuildConfiguration;
			buildSettings = {
				ARCHS = "$(ARCHS_STANDARD_INCLUDING_64_BIT)";
				BUNDLE_LOADER = "$(BUILT_PRODUCTS_DIR)/OgvDemo.app/OgvDemo";
				FRAMEWORK_SEARCH_PATHS = (
					"$(SDKROOT)/Developer/Library/Frameworks",
					"$(inherited)",
					"$(DEVELOPER_FRAMEWORKS_DIR)",
					../build,
				);
				GCC_PRECOMPILE_PREFIX_HEADER = YES;
				GCC_PREFIX_HEADER = "OgvDemo/OgvDemo-Prefix.pch";
				GCC_PREPROCESSOR_DEFINITIONS = (
					"DEBUG=1",
					"$(inherited)",
				);
				INFOPLIST_FILE = "OgvDemoTests/OgvDemoTests-Info.plist";
				IPHONEOS_DEPLOYMENT_TARGET = 6.0;
				LLVM_LTO = YES;
				PRODUCT_NAME = "$(TARGET_NAME)";
				TEST_HOST = "$(BUNDLE_LOADER)";
				WRAPPER_EXTENSION = xctest;
			};
			name = Debug;
		};
		D4EB24A21825A81E008B9160 /* Release */ = {
			isa = XCBuildConfiguration;
			buildSettings = {
				ARCHS = "$(ARCHS_STANDARD_INCLUDING_64_BIT)";
				BUNDLE_LOADER = "$(BUILT_PRODUCTS_DIR)/OgvDemo.app/OgvDemo";
				FRAMEWORK_SEARCH_PATHS = (
					"$(SDKROOT)/Developer/Library/Frameworks",
					"$(inherited)",
					"$(DEVELOPER_FRAMEWORKS_DIR)",
					../build,
				);
				GCC_PRECOMPILE_PREFIX_HEADER = YES;
				GCC_PREFIX_HEADER = "OgvDemo/OgvDemo-Prefix.pch";
				INFOPLIST_FILE = "OgvDemoTests/OgvDemoTests-Info.plist";
				IPHONEOS_DEPLOYMENT_TARGET = 6.0;
				LLVM_LTO = YES;
				PRODUCT_NAME = "$(TARGET_NAME)";
				TEST_HOST = "$(BUNDLE_LOADER)";
				WRAPPER_EXTENSION = xctest;
			};
			name = Release;
		};
/* End XCBuildConfiguration section */

/* Begin XCConfigurationList section */
		D4EB24631825A81E008B9160 /* Build configuration list for PBXProject "OgvDemo" */ = {
			isa = XCConfigurationList;
			buildConfigurations = (
				D4EB249B1825A81E008B9160 /* Debug */,
				D4EB249C1825A81E008B9160 /* Release */,
			);
			defaultConfigurationIsVisible = 0;
			defaultConfigurationName = Release;
		};
		D4EB249D1825A81E008B9160 /* Build configuration list for PBXNativeTarget "OgvDemo" */ = {
			isa = XCConfigurationList;
			buildConfigurations = (
				D4EB249E1825A81E008B9160 /* Debug */,
				D4EB249F1825A81E008B9160 /* Release */,
			);
			defaultConfigurationIsVisible = 0;
			defaultConfigurationName = Release;
		};
		D4EB24A01825A81E008B9160 /* Build configuration list for PBXNativeTarget "OgvDemoTests" */ = {
			isa = XCConfigurationList;
			buildConfigurations = (
				D4EB24A11825A81E008B9160 /* Debug */,
				D4EB24A21825A81E008B9160 /* Release */,
			);
			defaultConfigurationIsVisible = 0;
			defaultConfigurationName = Release;
		};
/* End XCConfigurationList section */
	};
	rootObject = D4EB24601825A81E008B9160 /* Project object */;
}
